
Microsoft Visual Studio Solution File, Format Version 12.00
# Visual Studio 15
Project("{FAE04EC0-301F-11D3-BF4B-00C04F79EFBC}") = "ServiceDiscovery.Consul", "ServiceDiscovery.Consul.csproj", "{BC88A336-6B25-40B2-B95C-E8571EA0A8A0}"
EndProject
Global
	GlobalSection(SolutionConfigurationPlatforms) = preSolution
		Debug|Any CPU = Debug|Any CPU
		Release|Any CPU = Release|Any CPU
	EndGlobalSection
	GlobalSection(ProjectConfigurationPlatforms) = postSolution
		{BC88A336-6B25-40B2-B95C-E8571EA0A8A0}.Debug|Any CPU.ActiveCfg = Debug|Any CPU
		{BC88A336-6B25-40B2-B95C-E8571EA0A8A0}.Debug|Any CPU.Build.0 = Debug|Any CPU
		{BC88A336-6B25-40B2-B95C-E8571EA0A8A0}.Release|Any CPU.ActiveCfg = Release|Any CPU
		{BC88A336-6B25-40B2-B95C-E8571EA0A8A0}.Release|Any CPU.Build.0 = Release|Any CPU
	EndGlobalSection
EndGlobal
